{
  "requires": true,
  "lockfileVersion": 1,
  "dependencies": {
    "@nuxt/bridge": {
      "version": "0.10.0",
      "resolved": "https://registry.npmjs.org/@nuxt/bridge/-/bridge-0.10.0.tgz",
      "integrity": "sha512-ntxnNJURAyrs7bSlBG0MlALAn7fm/aU3kLStDugiO247ZTdalgNS4mBRcmXwxVNrtW8Mnt7UWkpkgLviWX/YSw=="
    }
  }
}
